// !$*UTF8*$!
{
	archiveVersion = 1;
	classes = {
	};
	objectVersion = 50;
	objects = {

/* Begin PBXBuildFile section */
		5ECD29AC22FBBA1600E7EA0D /* GigaObject.cpp in Sources */ = {isa = PBXBuildFile; fileRef = 5ECD29A022FBBA1600E7EA0D /* GigaObject.cpp */; };
		5ECD29AE22FBBA1600E7EA0D /* MetaSystem.h in Headers */ = {isa = PBXBuildFile; fileRef = 5ECD29A222FBBA1600E7EA0D /* MetaSystem.h */; };
		5ECD29AF22FBBA1600E7EA0D /* Giga.h in Headers */ = {isa = PBXBuildFile; fileRef = 5ECD29A322FBBA1600E7EA0D /* Giga.h */; };
		5ECD29B022FBBA1600E7EA0D /* Variant.cpp in Sources */ = {isa = PBXBuildFile; fileRef = 5ECD29A422FBBA1600E7EA0D /* Variant.cpp */; };
		5ECD29B122FBBA1600E7EA0D /* Variant.h in Headers */ = {isa = PBXBuildFile; fileRef = 5ECD29A522FBBA1600E7EA0D /* Variant.h */; };
		5ECD29B222FBBA1600E7EA0D /* MathTypes.h in Headers */ = {isa = PBXBuildFile; fileRef = 5ECD29A622FBBA1600E7EA0D /* MathTypes.h */; };
		5ECD29B522FBBA1600E7EA0D /* GigaObject.h in Headers */ = {isa = PBXBuildFile; fileRef = 5ECD29A922FBBA1600E7EA0D /* GigaObject.h */; };
		5ECD29B722FBBA1600E7EA0D /* MetaSystem.cpp in Sources */ = {isa = PBXBuildFile; fileRef = 5ECD29AB22FBBA1600E7EA0D /* MetaSystem.cpp */; };
		5ECD29BA22FC6F4B00E7EA0D /* MetaClass.cpp in Sources */ = {isa = PBXBuildFile; fileRef = 5ECD29B822FC6F4B00E7EA0D /* MetaClass.cpp */; };
		5ECD29BB22FC6F4B00E7EA0D /* MetaClass.h in Headers */ = {isa = PBXBuildFile; fileRef = 5ECD29B922FC6F4B00E7EA0D /* MetaClass.h */; };
		5ECD29D122FDDB6B00E7EA0D /* Directory.cpp in Sources */ = {isa = PBXBuildFile; fileRef = 5ECD29CF22FDDB6B00E7EA0D /* Directory.cpp */; };
		5ECD29D222FDDB6B00E7EA0D /* Directory.h in Headers */ = {isa = PBXBuildFile; fileRef = 5ECD29D022FDDB6B00E7EA0D /* Directory.h */; };
		5ECD29DD22FFACF100E7EA0D /* Application.cpp in Sources */ = {isa = PBXBuildFile; fileRef = 5ECD29DB22FFACF100E7EA0D /* Application.cpp */; };
		5ECD29DE22FFACF100E7EA0D /* Application.h in Headers */ = {isa = PBXBuildFile; fileRef = 5ECD29DC22FFACF100E7EA0D /* Application.h */; };
		5ECD29E223119D6100E7EA0D /* Array.cpp in Sources */ = {isa = PBXBuildFile; fileRef = 5ECD29E023119D6100E7EA0D /* Array.cpp */; };
		5ECD29E323119D6100E7EA0D /* Array.h in Headers */ = {isa = PBXBuildFile; fileRef = 5ECD29E123119D6100E7EA0D /* Array.h */; };
		5ECD29E723121ACF00E7EA0D /* Entity.cpp in Sources */ = {isa = PBXBuildFile; fileRef = 5ECD29E523121ACF00E7EA0D /* Entity.cpp */; };
		5ECD29E823121ACF00E7EA0D /* Entity.h in Headers */ = {isa = PBXBuildFile; fileRef = 5ECD29E623121ACF00E7EA0D /* Entity.h */; };
		5ECD29EB23121C6C00E7EA0D /* Component.cpp in Sources */ = {isa = PBXBuildFile; fileRef = 5ECD29E923121C6C00E7EA0D /* Component.cpp */; };
		5ECD29EC23121C6C00E7EA0D /* Component.h in Headers */ = {isa = PBXBuildFile; fileRef = 5ECD29EA23121C6C00E7EA0D /* Component.h */; };
		5ECD29EF2313613300E7EA0D /* World.cpp in Sources */ = {isa = PBXBuildFile; fileRef = 5ECD29ED2313613300E7EA0D /* World.cpp */; };
		5ECD29F02313613300E7EA0D /* World.h in Headers */ = {isa = PBXBuildFile; fileRef = 5ECD29EE2313613300E7EA0D /* World.h */; };
/* End PBXBuildFile section */

/* Begin PBXFileReference section */
		5E9FA5B222F9175E005720AD /* libcore.dylib */ = {isa = PBXFileReference; explicitFileType = "compiled.mach-o.dylib"; includeInIndex = 0; path = libcore.dylib; sourceTree = BUILT_PRODUCTS_DIR; };
		5ECD29A022FBBA1600E7EA0D /* GigaObject.cpp */ = {isa = PBXFileReference; fileEncoding = 4; lastKnownFileType = sourcecode.cpp.cpp; name = GigaObject.cpp; path = ../../Engine/Core/GigaObject.cpp; sourceTree = "<group>"; };
		5ECD29A222FBBA1600E7EA0D /* MetaSystem.h */ = {isa = PBXFileReference; fileEncoding = 4; lastKnownFileType = sourcecode.c.h; name = MetaSystem.h; path = ../../Engine/Core/MetaSystem.h; sourceTree = "<group>"; };
		5ECD29A322FBBA1600E7EA0D /* Giga.h */ = {isa = PBXFileReference; fileEncoding = 4; lastKnownFileType = sourcecode.c.h; name = Giga.h; path = ../../Engine/Core/Giga.h; sourceTree = "<group>"; };
		5ECD29A422FBBA1600E7EA0D /* Variant.cpp */ = {isa = PBXFileReference; fileEncoding = 4; lastKnownFileType = sourcecode.cpp.cpp; name = Variant.cpp; path = ../../Engine/Core/Variant.cpp; sourceTree = "<group>"; };
		5ECD29A522FBBA1600E7EA0D /* Variant.h */ = {isa = PBXFileReference; fileEncoding = 4; lastKnownFileType = sourcecode.c.h; name = Variant.h; path = ../../Engine/Core/Variant.h; sourceTree = "<group>"; };
		5ECD29A622FBBA1600E7EA0D /* MathTypes.h */ = {isa = PBXFileReference; fileEncoding = 4; lastKnownFileType = sourcecode.c.h; name = MathTypes.h; path = ../../Engine/Core/MathTypes.h; sourceTree = "<group>"; };
		5ECD29A922FBBA1600E7EA0D /* GigaObject.h */ = {isa = PBXFileReference; fileEncoding = 4; lastKnownFileType = sourcecode.c.h; name = GigaObject.h; path = ../../Engine/Core/GigaObject.h; sourceTree = "<group>"; };
		5ECD29AB22FBBA1600E7EA0D /* MetaSystem.cpp */ = {isa = PBXFileReference; fileEncoding = 4; lastKnownFileType = sourcecode.cpp.cpp; name = MetaSystem.cpp; path = ../../Engine/Core/MetaSystem.cpp; sourceTree = "<group>"; };
		5ECD29B822FC6F4B00E7EA0D /* MetaClass.cpp */ = {isa = PBXFileReference; lastKnownFileType = sourcecode.cpp.cpp; name = MetaClass.cpp; path = ../../Engine/Core/MetaClass.cpp; sourceTree = "<group>"; };
		5ECD29B922FC6F4B00E7EA0D /* MetaClass.h */ = {isa = PBXFileReference; lastKnownFileType = sourcecode.c.h; name = MetaClass.h; path = ../../Engine/Core/MetaClass.h; sourceTree = "<group>"; };
		5ECD29CF22FDDB6B00E7EA0D /* Directory.cpp */ = {isa = PBXFileReference; lastKnownFileType = sourcecode.cpp.cpp; name = Directory.cpp; path = ../../Engine/Core/Directory.cpp; sourceTree = "<group>"; };
		5ECD29D022FDDB6B00E7EA0D /* Directory.h */ = {isa = PBXFileReference; lastKnownFileType = sourcecode.c.h; name = Directory.h; path = ../../Engine/Core/Directory.h; sourceTree = "<group>"; };
		5ECD29DB22FFACF100E7EA0D /* Application.cpp */ = {isa = PBXFileReference; lastKnownFileType = sourcecode.cpp.cpp; name = Application.cpp; path = ../../Engine/Core/Application.cpp; sourceTree = "<group>"; };
		5ECD29DC22FFACF100E7EA0D /* Application.h */ = {isa = PBXFileReference; lastKnownFileType = sourcecode.c.h; name = Application.h; path = ../../Engine/Core/Application.h; sourceTree = "<group>"; };
		5ECD29DF22FFAE0800E7EA0D /* System.h */ = {isa = PBXFileReference; lastKnownFileType = sourcecode.c.h; name = System.h; path = ../../Engine/Core/System.h; sourceTree = "<group>"; };
		5ECD29E023119D6100E7EA0D /* Array.cpp */ = {isa = PBXFileReference; fileEncoding = 4; lastKnownFileType = sourcecode.cpp.cpp; name = Array.cpp; path = ../../Engine/Core/Array.cpp; sourceTree = "<group>"; };
		5ECD29E123119D6100E7EA0D /* Array.h */ = {isa = PBXFileReference; fileEncoding = 4; lastKnownFileType = sourcecode.c.h; name = Array.h; path = ../../Engine/Core/Array.h; sourceTree = "<group>"; };
		5ECD29E523121ACF00E7EA0D /* Entity.cpp */ = {isa = PBXFileReference; lastKnownFileType = sourcecode.cpp.cpp; name = Entity.cpp; path = ../../Engine/Core/Entity.cpp; sourceTree = "<group>"; };
		5ECD29E623121ACF00E7EA0D /* Entity.h */ = {isa = PBXFileReference; lastKnownFileType = sourcecode.c.h; name = Entity.h; path = ../../Engine/Core/Entity.h; sourceTree = "<group>"; };
		5ECD29E923121C6C00E7EA0D /* Component.cpp */ = {isa = PBXFileReference; lastKnownFileType = sourcecode.cpp.cpp; name = Component.cpp; path = ../../Engine/Core/Component.cpp; sourceTree = "<group>"; };
		5ECD29EA23121C6C00E7EA0D /* Component.h */ = {isa = PBXFileReference; lastKnownFileType = sourcecode.c.h; name = Component.h; path = ../../Engine/Core/Component.h; sourceTree = "<group>"; };
		5ECD29ED2313613300E7EA0D /* World.cpp */ = {isa = PBXFileReference; lastKnownFileType = sourcecode.cpp.cpp; name = World.cpp; path = ../../Engine/Core/World.cpp; sourceTree = "<group>"; };
		5ECD29EE2313613300E7EA0D /* World.h */ = {isa = PBXFileReference; lastKnownFileType = sourcecode.c.h; name = World.h; path = ../../Engine/Core/World.h; sourceTree = "<group>"; };
/* End PBXFileReference section */

/* Begin PBXFrameworksBuildPhase section */
		5E9FA5B022F9175E005720AD /* Frameworks */ = {
			isa = PBXFrameworksBuildPhase;
			buildActionMask = 2147483647;
			files = (
			);
			runOnlyForDeploymentPostprocessing = 0;
		};
/* End PBXFrameworksBuildPhase section */

/* Begin PBXGroup section */
		5E9FA5A922F9175E005720AD = {
			isa = PBXGroup;
			children = (
				5ECD299F22FBBA0800E7EA0D /* Source */,
				5E9FA5B322F9175E005720AD /* Products */,
			);
			sourceTree = "<group>";
		};
		5E9FA5B322F9175E005720AD /* Products */ = {
			isa = PBXGroup;
			children = (
				5E9FA5B222F9175E005720AD /* libcore.dylib */,
			);
			name = Products;
			sourceTree = "<group>";
		};
		5ECD299F22FBBA0800E7EA0D /* Source */ = {
			isa = PBXGroup;
			children = (
				5ECD29E023119D6100E7EA0D /* Array.cpp */,
				5ECD29E123119D6100E7EA0D /* Array.h */,
				5ECD29DB22FFACF100E7EA0D /* Application.cpp */,
				5ECD29DC22FFACF100E7EA0D /* Application.h */,
				5ECD29E923121C6C00E7EA0D /* Component.cpp */,
				5ECD29EA23121C6C00E7EA0D /* Component.h */,
				5ECD29CF22FDDB6B00E7EA0D /* Directory.cpp */,
				5ECD29D022FDDB6B00E7EA0D /* Directory.h */,
				5ECD29E523121ACF00E7EA0D /* Entity.cpp */,
				5ECD29E623121ACF00E7EA0D /* Entity.h */,
				5ECD29A322FBBA1600E7EA0D /* Giga.h */,
				5ECD29A022FBBA1600E7EA0D /* GigaObject.cpp */,
				5ECD29A922FBBA1600E7EA0D /* GigaObject.h */,
				5ECD29A622FBBA1600E7EA0D /* MathTypes.h */,
				5ECD29AB22FBBA1600E7EA0D /* MetaSystem.cpp */,
				5ECD29A222FBBA1600E7EA0D /* MetaSystem.h */,
				5ECD29B822FC6F4B00E7EA0D /* MetaClass.cpp */,
				5ECD29B922FC6F4B00E7EA0D /* MetaClass.h */,
				5ECD29DF22FFAE0800E7EA0D /* System.h */,
				5ECD29A422FBBA1600E7EA0D /* Variant.cpp */,
				5ECD29A522FBBA1600E7EA0D /* Variant.h */,
				5ECD29ED2313613300E7EA0D /* World.cpp */,
				5ECD29EE2313613300E7EA0D /* World.h */,
			);
			name = Source;
			sourceTree = "<group>";
		};
/* End PBXGroup section */

/* Begin PBXHeadersBuildPhase section */
		5E9FA5AE22F9175E005720AD /* Headers */ = {
			isa = PBXHeadersBuildPhase;
			buildActionMask = 2147483647;
			files = (
				5ECD29E323119D6100E7EA0D /* Array.h in Headers */,
				5ECD29B122FBBA1600E7EA0D /* Variant.h in Headers */,
				5ECD29AE22FBBA1600E7EA0D /* MetaSystem.h in Headers */,
				5ECD29E823121ACF00E7EA0D /* Entity.h in Headers */,
				5ECD29BB22FC6F4B00E7EA0D /* MetaClass.h in Headers */,
				5ECD29D222FDDB6B00E7EA0D /* Directory.h in Headers */,
				5ECD29AF22FBBA1600E7EA0D /* Giga.h in Headers */,
				5ECD29EC23121C6C00E7EA0D /* Component.h in Headers */,
				5ECD29DE22FFACF100E7EA0D /* Application.h in Headers */,
				5ECD29B222FBBA1600E7EA0D /* MathTypes.h in Headers */,
				5ECD29B522FBBA1600E7EA0D /* GigaObject.h in Headers */,
				5ECD29F02313613300E7EA0D /* World.h in Headers */,
			);
			runOnlyForDeploymentPostprocessing = 0;
		};
/* End PBXHeadersBuildPhase section */

/* Begin PBXNativeTarget section */
		5E9FA5B122F9175E005720AD /* core */ = {
			isa = PBXNativeTarget;
			buildConfigurationList = 5E9FA5B622F9175E005720AD /* Build configuration list for PBXNativeTarget "core" */;
			buildPhases = (
				5E9FA5AE22F9175E005720AD /* Headers */,
				5E9FA5AF22F9175E005720AD /* Sources */,
				5E9FA5B022F9175E005720AD /* Frameworks */,
			);
			buildRules = (
			);
			dependencies = (
			);
			name = core;
			productName = core;
			productReference = 5E9FA5B222F9175E005720AD /* libcore.dylib */;
			productType = "com.apple.product-type.library.dynamic";
		};
/* End PBXNativeTarget section */

/* Begin PBXProject section */
		5E9FA5AA22F9175E005720AD /* Project object */ = {
			isa = PBXProject;
			attributes = {
				LastUpgradeCheck = 1020;
				ORGANIZATIONNAME = "Grok It Games";
				TargetAttributes = {
					5E9FA5B122F9175E005720AD = {
						CreatedOnToolsVersion = 10.2.1;
					};
				};
			};
			buildConfigurationList = 5E9FA5AD22F9175E005720AD /* Build configuration list for PBXProject "core" */;
			compatibilityVersion = "Xcode 9.3";
			developmentRegion = en;
			hasScannedForEncodings = 0;
			knownRegions = (
				en,
			);
			mainGroup = 5E9FA5A922F9175E005720AD;
			productRefGroup = 5E9FA5B322F9175E005720AD /* Products */;
			projectDirPath = "";
			projectRoot = "";
			targets = (
				5E9FA5B122F9175E005720AD /* core */,
			);
		};
/* End PBXProject section */

/* Begin PBXSourcesBuildPhase section */
		5E9FA5AF22F9175E005720AD /* Sources */ = {
			isa = PBXSourcesBuildPhase;
			buildActionMask = 2147483647;
			files = (
				5ECD29E223119D6100E7EA0D /* Array.cpp in Sources */,
				5ECD29BA22FC6F4B00E7EA0D /* MetaClass.cpp in Sources */,
				5ECD29B022FBBA1600E7EA0D /* Variant.cpp in Sources */,
				5ECD29DD22FFACF100E7EA0D /* Application.cpp in Sources */,
				5ECD29B722FBBA1600E7EA0D /* MetaSystem.cpp in Sources */,
				5ECD29D122FDDB6B00E7EA0D /* Directory.cpp in Sources */,
				5ECD29EF2313613300E7EA0D /* World.cpp in Sources */,
				5ECD29AC22FBBA1600E7EA0D /* GigaObject.cpp in Sources */,
				5ECD29E723121ACF00E7EA0D /* Entity.cpp in Sources */,
				5ECD29EB23121C6C00E7EA0D /* Component.cpp in Sources */,
			);
			runOnlyForDeploymentPostprocessing = 0;
		};
/* End PBXSourcesBuildPhase section */

/* Begin XCBuildConfiguration section */
		5E9FA5B422F9175E005720AD /* Debug */ = {
			isa = XCBuildConfiguration;
			buildSettings = {
				ALWAYS_SEARCH_USER_PATHS = NO;
				CLANG_ANALYZER_NONNULL = YES;
				CLANG_ANALYZER_NUMBER_OBJECT_CONVERSION = YES_AGGRESSIVE;
				CLANG_CXX_LANGUAGE_STANDARD = "gnu++14";
				CLANG_CXX_LIBRARY = "libc++";
				CLANG_ENABLE_MODULES = YES;
				CLANG_ENABLE_OBJC_ARC = YES;
				CLANG_ENABLE_OBJC_WEAK = YES;
				CLANG_WARN_BLOCK_CAPTURE_AUTORELEASING = YES;
				CLANG_WARN_BOOL_CONVERSION = YES;
				CLANG_WARN_COMMA = YES;
				CLANG_WARN_CONSTANT_CONVERSION = YES;
				CLANG_WARN_DEPRECATED_OBJC_IMPLEMENTATIONS = YES;
				CLANG_WARN_DIRECT_OBJC_ISA_USAGE = YES_ERROR;
				CLANG_WARN_DOCUMENTATION_COMMENTS = YES;
				CLANG_WARN_EMPTY_BODY = YES;
				CLANG_WARN_ENUM_CONVERSION = YES;
				CLANG_WARN_INFINITE_RECURSION = YES;
				CLANG_WARN_INT_CONVERSION = YES;
				CLANG_WARN_NON_LITERAL_NULL_CONVERSION = YES;
				CLANG_WARN_OBJC_IMPLICIT_RETAIN_SELF = YES;
				CLANG_WARN_OBJC_LITERAL_CONVERSION = YES;
				CLANG_WARN_OBJC_ROOT_CLASS = YES_ERROR;
				CLANG_WARN_RANGE_LOOP_ANALYSIS = YES;
				CLANG_WARN_STRICT_PROTOTYPES = YES;
				CLANG_WARN_SUSPICIOUS_MOVE = YES;
				CLANG_WARN_UNGUARDED_AVAILABILITY = YES_AGGRESSIVE;
				CLANG_WARN_UNREACHABLE_CODE = YES;
				CLANG_WARN__DUPLICATE_METHOD_MATCH = YES;
				CODE_SIGN_IDENTITY = "Mac Developer";
				COPY_PHASE_STRIP = NO;
				DEBUG_INFORMATION_FORMAT = dwarf;
				ENABLE_STRICT_OBJC_MSGSEND = YES;
				ENABLE_TESTABILITY = YES;
				GCC_C_LANGUAGE_STANDARD = gnu11;
				GCC_DYNAMIC_NO_PIC = NO;
				GCC_NO_COMMON_BLOCKS = YES;
				GCC_OPTIMIZATION_LEVEL = 0;
				GCC_PREPROCESSOR_DEFINITIONS = (
					"DEBUG=1",
					"$(inherited)",
				);
				GCC_WARN_64_TO_32_BIT_CONVERSION = YES;
				GCC_WARN_ABOUT_RETURN_TYPE = YES_ERROR;
				GCC_WARN_UNDECLARED_SELECTOR = YES;
				GCC_WARN_UNINITIALIZED_AUTOS = YES_AGGRESSIVE;
				GCC_WARN_UNUSED_FUNCTION = YES;
				GCC_WARN_UNUSED_VARIABLE = YES;
				MACOSX_DEPLOYMENT_TARGET = 10.14;
				MTL_ENABLE_DEBUG_INFO = INCLUDE_SOURCE;
				MTL_FAST_MATH = YES;
				ONLY_ACTIVE_ARCH = YES;
				SDKROOT = macosx;
			};
			name = Debug;
		};
		5E9FA5B522F9175E005720AD /* Release */ = {
			isa = XCBuildConfiguration;
			buildSettings = {
				ALWAYS_SEARCH_USER_PATHS = NO;
				CLANG_ANALYZER_NONNULL = YES;
				CLANG_ANALYZER_NUMBER_OBJECT_CONVERSION = YES_AGGRESSIVE;
				CLANG_CXX_LANGUAGE_STANDARD = "gnu++14";
				CLANG_CXX_LIBRARY = "libc++";
				CLANG_ENABLE_MODULES = YES;
				CLANG_ENABLE_OBJC_ARC = YES;
				CLANG_ENABLE_OBJC_WEAK = YES;
				CLANG_WARN_BLOCK_CAPTURE_AUTORELEASING = YES;
				CLANG_WARN_BOOL_CONVERSION = YES;
				CLANG_WARN_COMMA = YES;
				CLANG_WARN_CONSTANT_CONVERSION = YES;
				CLANG_WARN_DEPRECATED_OBJC_IMPLEMENTATIONS = YES;
				CLANG_WARN_DIRECT_OBJC_ISA_USAGE = YES_ERROR;
				CLANG_WARN_DOCUMENTATION_COMMENTS = YES;
				CLANG_WARN_EMPTY_BODY = YES;
				CLANG_WARN_ENUM_CONVERSION = YES;
				CLANG_WARN_INFINITE_RECURSION = YES;
				CLANG_WARN_INT_CONVERSION = YES;
				CLANG_WARN_NON_LITERAL_NULL_CONVERSION = YES;
				CLANG_WARN_OBJC_IMPLICIT_RETAIN_SELF = YES;
				CLANG_WARN_OBJC_LITERAL_CONVERSION = YES;
				CLANG_WARN_OBJC_ROOT_CLASS = YES_ERROR;
				CLANG_WARN_RANGE_LOOP_ANALYSIS = YES;
				CLANG_WARN_STRICT_PROTOTYPES = YES;
				CLANG_WARN_SUSPICIOUS_MOVE = YES;
				CLANG_WARN_UNGUARDED_AVAILABILITY = YES_AGGRESSIVE;
				CLANG_WARN_UNREACHABLE_CODE = YES;
				CLANG_WARN__DUPLICATE_METHOD_MATCH = YES;
				CODE_SIGN_IDENTITY = "Mac Developer";
				COPY_PHASE_STRIP = NO;
				DEBUG_INFORMATION_FORMAT = "dwarf-with-dsym";
				ENABLE_NS_ASSERTIONS = NO;
				ENABLE_STRICT_OBJC_MSGSEND = YES;
				GCC_C_LANGUAGE_STANDARD = gnu11;
				GCC_NO_COMMON_BLOCKS = YES;
				GCC_WARN_64_TO_32_BIT_CONVERSION = YES;
				GCC_WARN_ABOUT_RETURN_TYPE = YES_ERROR;
				GCC_WARN_UNDECLARED_SELECTOR = YES;
				GCC_WARN_UNINITIALIZED_AUTOS = YES_AGGRESSIVE;
				GCC_WARN_UNUSED_FUNCTION = YES;
				GCC_WARN_UNUSED_VARIABLE = YES;
				MACOSX_DEPLOYMENT_TARGET = 10.14;
				MTL_ENABLE_DEBUG_INFO = NO;
				MTL_FAST_MATH = YES;
				SDKROOT = macosx;
			};
			name = Release;
		};
		5E9FA5B722F9175E005720AD /* Debug */ = {
			isa = XCBuildConfiguration;
			buildSettings = {
				CODE_SIGN_STYLE = Automatic;
				DEVELOPMENT_TEAM = 43BC78X469;
				DYLIB_COMPATIBILITY_VERSION = 1;
				DYLIB_CURRENT_VERSION = 1;
				EXECUTABLE_PREFIX = lib;
				HEADER_SEARCH_PATHS = (
					../../Engine,
					"/Users/terryjsmith/Documents/Projects/ThirdParty/**",
				);
				PRODUCT_NAME = "$(TARGET_NAME)";
				SKIP_INSTALL = YES;
			};
			name = Debug;
		};
		5E9FA5B822F9175E005720AD /* Release */ = {
			isa = XCBuildConfiguration;
			buildSettings = {
				CODE_SIGN_STYLE = Automatic;
				DEVELOPMENT_TEAM = 43BC78X469;
				DYLIB_COMPATIBILITY_VERSION = 1;
				DYLIB_CURRENT_VERSION = 1;
				EXECUTABLE_PREFIX = lib;
				HEADER_SEARCH_PATHS = (
					../../Engine,
					"/Users/terryjsmith/Documents/Projects/ThirdParty/**",
				);
				PRODUCT_NAME = "$(TARGET_NAME)";
				SKIP_INSTALL = YES;
			};
			name = Release;
		};
/* End XCBuildConfiguration section */

/* Begin XCConfigurationList section */
		5E9FA5AD22F9175E005720AD /* Build configuration list for PBXProject "core" */ = {
			isa = XCConfigurationList;
			buildConfigurations = (
				5E9FA5B422F9175E005720AD /* Debug */,
				5E9FA5B522F9175E005720AD /* Release */,
			);
			defaultConfigurationIsVisible = 0;
			defaultConfigurationName = Release;
		};
		5E9FA5B622F9175E005720AD /* Build configuration list for PBXNativeTarget "core" */ = {
			isa = XCConfigurationList;
			buildConfigurations = (
				5E9FA5B722F9175E005720AD /* Debug */,
				5E9FA5B822F9175E005720AD /* Release */,
			);
			defaultConfigurationIsVisible = 0;
			defaultConfigurationName = Release;
		};
/* End XCConfigurationList section */
	};
	rootObject = 5E9FA5AA22F9175E005720AD /* Project object */;
}
