// !$*UTF8*$!
{
	archiveVersion = 1;
	classes = {
	};
	objectVersion = 50;
	objects = {

/* Begin PBXBuildFile section */
		5E9FA5D022F91F42005720AD /* main.cpp in Sources */ = {isa = PBXBuildFile; fileRef = 5E9FA5CF22F91F42005720AD /* main.cpp */; };
		5E9FA5D822F91F4F005720AD /* libcore.dylib in Frameworks */ = {isa = PBXBuildFile; fileRef = 5E9FA5D722F91F4F005720AD /* libcore.dylib */; };
		5ECD2A2C2316246100E7EA0D /* libmeta.dylib in Frameworks */ = {isa = PBXBuildFile; fileRef = 5ECD2A2B2316246100E7EA0D /* libmeta.dylib */; };
		5ECD2A49231625DF00E7EA0D /* libnetworking.dylib in Frameworks */ = {isa = PBXBuildFile; fileRef = 5ECD2A48231625DF00E7EA0D /* libnetworking.dylib */; };
/* End PBXBuildFile section */

/* Begin PBXCopyFilesBuildPhase section */
		5E9FA5CA22F91F42005720AD /* CopyFiles */ = {
			isa = PBXCopyFilesBuildPhase;
			buildActionMask = 2147483647;
			dstPath = /usr/share/man/man1/;
			dstSubfolderSpec = 0;
			files = (
			);
			runOnlyForDeploymentPostprocessing = 1;
		};
/* End PBXCopyFilesBuildPhase section */

/* Begin PBXFileReference section */
		5E9FA5CC22F91F42005720AD /* game */ = {isa = PBXFileReference; explicitFileType = "compiled.mach-o.executable"; includeInIndex = 0; path = game; sourceTree = BUILT_PRODUCTS_DIR; };
		5E9FA5CF22F91F42005720AD /* main.cpp */ = {isa = PBXFileReference; lastKnownFileType = sourcecode.cpp.cpp; name = main.cpp; path = ../../../Game/main.cpp; sourceTree = "<group>"; };
		5E9FA5D722F91F4F005720AD /* libcore.dylib */ = {isa = PBXFileReference; explicitFileType = "compiled.mach-o.dylib"; path = libcore.dylib; sourceTree = BUILT_PRODUCTS_DIR; };
		5ECD2A2B2316246100E7EA0D /* libmeta.dylib */ = {isa = PBXFileReference; explicitFileType = "compiled.mach-o.dylib"; path = libmeta.dylib; sourceTree = BUILT_PRODUCTS_DIR; };
		5ECD2A2D2316246100E7EA0D /* libnetwork.dylib */ = {isa = PBXFileReference; explicitFileType = "compiled.mach-o.dylib"; path = libnetwork.dylib; sourceTree = BUILT_PRODUCTS_DIR; };
		5ECD2A48231625DF00E7EA0D /* libnetworking.dylib */ = {isa = PBXFileReference; explicitFileType = "compiled.mach-o.dylib"; path = libnetworking.dylib; sourceTree = BUILT_PRODUCTS_DIR; };
/* End PBXFileReference section */

/* Begin PBXFrameworksBuildPhase section */
		5E9FA5C922F91F42005720AD /* Frameworks */ = {
			isa = PBXFrameworksBuildPhase;
			buildActionMask = 2147483647;
			files = (
				5ECD2A49231625DF00E7EA0D /* libnetworking.dylib in Frameworks */,
				5ECD2A2C2316246100E7EA0D /* libmeta.dylib in Frameworks */,
				5E9FA5D822F91F4F005720AD /* libcore.dylib in Frameworks */,
			);
			runOnlyForDeploymentPostprocessing = 0;
		};
/* End PBXFrameworksBuildPhase section */

/* Begin PBXGroup section */
		5E9FA5C322F91F42005720AD = {
			isa = PBXGroup;
			children = (
				5E9FA5CE22F91F42005720AD /* game */,
				5E9FA5CD22F91F42005720AD /* Products */,
				5E9FA5D622F91F4F005720AD /* Frameworks */,
			);
			sourceTree = "<group>";
		};
		5E9FA5CD22F91F42005720AD /* Products */ = {
			isa = PBXGroup;
			children = (
				5E9FA5CC22F91F42005720AD /* game */,
			);
			name = Products;
			sourceTree = "<group>";
		};
		5E9FA5CE22F91F42005720AD /* game */ = {
			isa = PBXGroup;
			children = (
				5E9FA5CF22F91F42005720AD /* main.cpp */,
			);
			path = game;
			sourceTree = "<group>";
		};
		5E9FA5D622F91F4F005720AD /* Frameworks */ = {
			isa = PBXGroup;
			children = (
				5ECD2A48231625DF00E7EA0D /* libnetworking.dylib */,
				5ECD2A2B2316246100E7EA0D /* libmeta.dylib */,
				5ECD2A2D2316246100E7EA0D /* libnetwork.dylib */,
				5E9FA5D722F91F4F005720AD /* libcore.dylib */,
			);
			name = Frameworks;
			sourceTree = "<group>";
		};
/* End PBXGroup section */

/* Begin PBXNativeTarget section */
		5E9FA5CB22F91F42005720AD /* game */ = {
			isa = PBXNativeTarget;
			buildConfigurationList = 5E9FA5D322F91F42005720AD /* Build configuration list for PBXNativeTarget "game" */;
			buildPhases = (
				5E9FA5C822F91F42005720AD /* Sources */,
				5E9FA5C922F91F42005720AD /* Frameworks */,
				5E9FA5CA22F91F42005720AD /* CopyFiles */,
			);
			buildRules = (
			);
			dependencies = (
			);
			name = game;
			productName = game;
			productReference = 5E9FA5CC22F91F42005720AD /* game */;
			productType = "com.apple.product-type.tool";
		};
/* End PBXNativeTarget section */

/* Begin PBXProject section */
		5E9FA5C422F91F42005720AD /* Project object */ = {
			isa = PBXProject;
			attributes = {
				LastUpgradeCheck = 1020;
				ORGANIZATIONNAME = "Grok It Games";
				TargetAttributes = {
					5E9FA5CB22F91F42005720AD = {
						CreatedOnToolsVersion = 10.2.1;
					};
				};
			};
			buildConfigurationList = 5E9FA5C722F91F42005720AD /* Build configuration list for PBXProject "game" */;
			compatibilityVersion = "Xcode 9.3";
			developmentRegion = en;
			hasScannedForEncodings = 0;
			knownRegions = (
				en,
			);
			mainGroup = 5E9FA5C322F91F42005720AD;
			productRefGroup = 5E9FA5CD22F91F42005720AD /* Products */;
			projectDirPath = "";
			projectRoot = "";
			targets = (
				5E9FA5CB22F91F42005720AD /* game */,
			);
		};
/* End PBXProject section */

/* Begin PBXSourcesBuildPhase section */
		5E9FA5C822F91F42005720AD /* Sources */ = {
			isa = PBXSourcesBuildPhase;
			buildActionMask = 2147483647;
			files = (
				5E9FA5D022F91F42005720AD /* main.cpp in Sources */,
			);
			runOnlyForDeploymentPostprocessing = 0;
		};
/* End PBXSourcesBuildPhase section */

/* Begin XCBuildConfiguration section */
		5E9FA5D122F91F42005720AD /* Debug */ = {
			isa = XCBuildConfiguration;
			buildSettings = {
				ALWAYS_SEARCH_USER_PATHS = NO;
				CLANG_ANALYZER_NONNULL = YES;
				CLANG_ANALYZER_NUMBER_OBJECT_CONVERSION = YES_AGGRESSIVE;
				CLANG_CXX_LANGUAGE_STANDARD = "gnu++14";
				CLANG_CXX_LIBRARY = "libc++";
				CLANG_ENABLE_MODULES = YES;
				CLANG_ENABLE_OBJC_ARC = YES;
				CLANG_ENABLE_OBJC_WEAK = YES;
				CLANG_WARN_BLOCK_CAPTURE_AUTORELEASING = YES;
				CLANG_WARN_BOOL_CONVERSION = YES;
				CLANG_WARN_COMMA = YES;
				CLANG_WARN_CONSTANT_CONVERSION = YES;
				CLANG_WARN_DEPRECATED_OBJC_IMPLEMENTATIONS = YES;
				CLANG_WARN_DIRECT_OBJC_ISA_USAGE = YES_ERROR;
				CLANG_WARN_DOCUMENTATION_COMMENTS = YES;
				CLANG_WARN_EMPTY_BODY = YES;
				CLANG_WARN_ENUM_CONVERSION = YES;
				CLANG_WARN_INFINITE_RECURSION = YES;
				CLANG_WARN_INT_CONVERSION = YES;
				CLANG_WARN_NON_LITERAL_NULL_CONVERSION = YES;
				CLANG_WARN_OBJC_IMPLICIT_RETAIN_SELF = YES;
				CLANG_WARN_OBJC_LITERAL_CONVERSION = YES;
				CLANG_WARN_OBJC_ROOT_CLASS = YES_ERROR;
				CLANG_WARN_RANGE_LOOP_ANALYSIS = YES;
				CLANG_WARN_STRICT_PROTOTYPES = YES;
				CLANG_WARN_SUSPICIOUS_MOVE = YES;
				CLANG_WARN_UNGUARDED_AVAILABILITY = YES_AGGRESSIVE;
				CLANG_WARN_UNREACHABLE_CODE = YES;
				CLANG_WARN__DUPLICATE_METHOD_MATCH = YES;
				CODE_SIGN_IDENTITY = "Mac Developer";
				COPY_PHASE_STRIP = NO;
				DEBUG_INFORMATION_FORMAT = dwarf;
				ENABLE_STRICT_OBJC_MSGSEND = YES;
				ENABLE_TESTABILITY = YES;
				GCC_C_LANGUAGE_STANDARD = gnu11;
				GCC_DYNAMIC_NO_PIC = NO;
				GCC_NO_COMMON_BLOCKS = YES;
				GCC_OPTIMIZATION_LEVEL = 0;
				GCC_PREPROCESSOR_DEFINITIONS = (
					"DEBUG=1",
					"$(inherited)",
				);
				GCC_WARN_64_TO_32_BIT_CONVERSION = YES;
				GCC_WARN_ABOUT_RETURN_TYPE = YES_ERROR;
				GCC_WARN_UNDECLARED_SELECTOR = YES;
				GCC_WARN_UNINITIALIZED_AUTOS = YES_AGGRESSIVE;
				GCC_WARN_UNUSED_FUNCTION = YES;
				GCC_WARN_UNUSED_VARIABLE = YES;
				MACOSX_DEPLOYMENT_TARGET = 10.14;
				MTL_ENABLE_DEBUG_INFO = INCLUDE_SOURCE;
				MTL_FAST_MATH = YES;
				ONLY_ACTIVE_ARCH = YES;
				SDKROOT = macosx;
			};
			name = Debug;
		};
		5E9FA5D222F91F42005720AD /* Release */ = {
			isa = XCBuildConfiguration;
			buildSettings = {
				ALWAYS_SEARCH_USER_PATHS = NO;
				CLANG_ANALYZER_NONNULL = YES;
				CLANG_ANALYZER_NUMBER_OBJECT_CONVERSION = YES_AGGRESSIVE;
				CLANG_CXX_LANGUAGE_STANDARD = "gnu++14";
				CLANG_CXX_LIBRARY = "libc++";
				CLANG_ENABLE_MODULES = YES;
				CLANG_ENABLE_OBJC_ARC = YES;
				CLANG_ENABLE_OBJC_WEAK = YES;
				CLANG_WARN_BLOCK_CAPTURE_AUTORELEASING = YES;
				CLANG_WARN_BOOL_CONVERSION = YES;
				CLANG_WARN_COMMA = YES;
				CLANG_WARN_CONSTANT_CONVERSION = YES;
				CLANG_WARN_DEPRECATED_OBJC_IMPLEMENTATIONS = YES;
				CLANG_WARN_DIRECT_OBJC_ISA_USAGE = YES_ERROR;
				CLANG_WARN_DOCUMENTATION_COMMENTS = YES;
				CLANG_WARN_EMPTY_BODY = YES;
				CLANG_WARN_ENUM_CONVERSION = YES;
				CLANG_WARN_INFINITE_RECURSION = YES;
				CLANG_WARN_INT_CONVERSION = YES;
				CLANG_WARN_NON_LITERAL_NULL_CONVERSION = YES;
				CLANG_WARN_OBJC_IMPLICIT_RETAIN_SELF = YES;
				CLANG_WARN_OBJC_LITERAL_CONVERSION = YES;
				CLANG_WARN_OBJC_ROOT_CLASS = YES_ERROR;
				CLANG_WARN_RANGE_LOOP_ANALYSIS = YES;
				CLANG_WARN_STRICT_PROTOTYPES = YES;
				CLANG_WARN_SUSPICIOUS_MOVE = YES;
				CLANG_WARN_UNGUARDED_AVAILABILITY = YES_AGGRESSIVE;
				CLANG_WARN_UNREACHABLE_CODE = YES;
				CLANG_WARN__DUPLICATE_METHOD_MATCH = YES;
				CODE_SIGN_IDENTITY = "Mac Developer";
				COPY_PHASE_STRIP = NO;
				DEBUG_INFORMATION_FORMAT = "dwarf-with-dsym";
				ENABLE_NS_ASSERTIONS = NO;
				ENABLE_STRICT_OBJC_MSGSEND = YES;
				GCC_C_LANGUAGE_STANDARD = gnu11;
				GCC_NO_COMMON_BLOCKS = YES;
				GCC_WARN_64_TO_32_BIT_CONVERSION = YES;
				GCC_WARN_ABOUT_RETURN_TYPE = YES_ERROR;
				GCC_WARN_UNDECLARED_SELECTOR = YES;
				GCC_WARN_UNINITIALIZED_AUTOS = YES_AGGRESSIVE;
				GCC_WARN_UNUSED_FUNCTION = YES;
				GCC_WARN_UNUSED_VARIABLE = YES;
				MACOSX_DEPLOYMENT_TARGET = 10.14;
				MTL_ENABLE_DEBUG_INFO = NO;
				MTL_FAST_MATH = YES;
				SDKROOT = macosx;
			};
			name = Release;
		};
		5E9FA5D422F91F42005720AD /* Debug */ = {
			isa = XCBuildConfiguration;
			buildSettings = {
				CODE_SIGN_STYLE = Automatic;
				DEVELOPMENT_TEAM = 43BC78X469;
				HEADER_SEARCH_PATHS = (
					../../Engine,
					"/Users/terryjsmith/Documents/Projects/ThirdParty/**",
				);
				PRODUCT_NAME = "$(TARGET_NAME)";
			};
			name = Debug;
		};
		5E9FA5D522F91F42005720AD /* Release */ = {
			isa = XCBuildConfiguration;
			buildSettings = {
				CODE_SIGN_STYLE = Automatic;
				DEVELOPMENT_TEAM = 43BC78X469;
				HEADER_SEARCH_PATHS = (
					../../Engine,
					"/Users/terryjsmith/Documents/Projects/ThirdParty/**",
				);
				PRODUCT_NAME = "$(TARGET_NAME)";
			};
			name = Release;
		};
/* End XCBuildConfiguration section */

/* Begin XCConfigurationList section */
		5E9FA5C722F91F42005720AD /* Build configuration list for PBXProject "game" */ = {
			isa = XCConfigurationList;
			buildConfigurations = (
				5E9FA5D122F91F42005720AD /* Debug */,
				5E9FA5D222F91F42005720AD /* Release */,
			);
			defaultConfigurationIsVisible = 0;
			defaultConfigurationName = Release;
		};
		5E9FA5D322F91F42005720AD /* Build configuration list for PBXNativeTarget "game" */ = {
			isa = XCConfigurationList;
			buildConfigurations = (
				5E9FA5D422F91F42005720AD /* Debug */,
				5E9FA5D522F91F42005720AD /* Release */,
			);
			defaultConfigurationIsVisible = 0;
			defaultConfigurationName = Release;
		};
/* End XCConfigurationList section */
	};
	rootObject = 5E9FA5C422F91F42005720AD /* Project object */;
}
